<?xml version="1.0" encoding="UTF-8"?>
<!DOCTYPE plist PUBLIC "-//Apple//DTD PLIST 1.0//EN" "http://www.apple.com/DTDs/PropertyList-1.0.dtd">
<plist version="1.0">
<dict>
	<key>archiveVersion</key>
	<string>1</string>
	<key>classes</key>
	<dict/>
	<key>objectVersion</key>
	<string>46</string>
	<key>objects</key>
	<dict>
		<key>E2080BDE1ADBF94E00E6299B</key>
		<dict>
			<key>children</key>
			<array>
				<string>E2080BDF1ADBFA0100E6299B</string>
				<string>E2080BE01ADBFA0100E6299B</string>
			</array>
			<key>isa</key>
			<string>PBXGroup</string>
			<key>name</key>
			<string>Analytics</string>
			<key>sourceTree</key>
			<string>&lt;group&gt;</string>
		</dict>
		<key>E2080BDF1ADBFA0100E6299B</key>
		<dict>
			<key>fileEncoding</key>
			<string>4</string>
			<key>isa</key>
			<string>PBXFileReference</string>
			<key>lastKnownFileType</key>
			<string>sourcecode.c.h</string>
			<key>lineEnding</key>
			<string>0</string>
			<key>name</key>
			<string>AnalyticsViewController.h</string>
			<key>path</key>
			<string>examples/analytics/AnalyticsViewController.h</string>
			<key>sourceTree</key>
			<string>&lt;group&gt;</string>
			<key>xcLanguageSpecificationIdentifier</key>
			<string>xcode.lang.objcpp</string>
		</dict>
		<key>E2080BE01ADBFA0100E6299B</key>
		<dict>
			<key>fileEncoding</key>
			<string>4</string>
			<key>isa</key>
			<string>PBXFileReference</string>
			<key>lastKnownFileType</key>
			<string>sourcecode.c.objc</string>
			<key>lineEnding</key>
			<string>0</string>
			<key>name</key>
			<string>AnalyticsViewController.m</string>
			<key>path</key>
			<string>examples/analytics/AnalyticsViewController.m</string>
			<key>sourceTree</key>
			<string>&lt;group&gt;</string>
			<key>xcLanguageSpecificationIdentifier</key>
			<string>xcode.lang.objc</string>
		</dict>
		<key>E2080BE11ADBFA0100E6299B</key>
		<dict>
			<key>fileRef</key>
			<string>E2080BE01ADBFA0100E6299B</string>
			<key>isa</key>
			<string>PBXBuildFile</string>
		</dict>
		<key>E20AE1371D674E060063154A</key>
		<dict>
			<key>isa</key>
			<string>PBXFileReference</string>
			<key>lastKnownFileType</key>
			<string>image.png</string>
			<key>name</key>
			<string>flag.png</string>
			<key>path</key>
			<string>resources/images/flag.png</string>
			<key>sourceTree</key>
			<string>&lt;group&gt;</string>
		</dict>
		<key>E20AE1381D674E060063154A</key>
		<dict>
			<key>isa</key>
			<string>PBXFileReference</string>
			<key>lastKnownFileType</key>
			<string>image.png</string>
			<key>name</key>
			<string>flag@2x.png</string>
			<key>path</key>
			<string>resources/images/flag@2x.png</string>
			<key>sourceTree</key>
			<string>&lt;group&gt;</string>
		</dict>
		<key>E20AE1391D674E060063154A</key>
		<dict>
			<key>fileRef</key>
			<string>E20AE1371D674E060063154A</string>
			<key>isa</key>
			<string>PBXBuildFile</string>
		</dict>
		<key>E20AE13A1D674E060063154A</key>
		<dict>
			<key>fileRef</key>
			<string>E20AE1381D674E060063154A</string>
			<key>isa</key>
			<string>PBXBuildFile</string>
		</dict>
		<key>E259AE4A1BB9717000CE0F52</key>
		<dict>
			<key>fileEncoding</key>
			<string>4</string>
			<key>isa</key>
			<string>PBXFileReference</string>
			<key>lastKnownFileType</key>
			<string>file.xib</string>
			<key>path</key>
			<string>LaunchScreen.xib</string>
			<key>sourceTree</key>
			<string>&lt;group&gt;</string>
		</dict>
		<key>E259AE4B1BB9717000CE0F52</key>
		<dict>
			<key>fileRef</key>
			<string>E259AE4A1BB9717000CE0F52</string>
			<key>isa</key>
			<string>PBXBuildFile</string>
		</dict>
		<key>E26D3C611ACEC88400B51DEF</key>
		<dict>
			<key>children</key>
			<array>
				<string>E26D3C6C1ACEC88400B51DEF</string>
				<string>E26D3C6B1ACEC88400B51DEF</string>
			</array>
			<key>isa</key>
			<string>PBXGroup</string>
			<key>sourceTree</key>
			<string>&lt;group&gt;</string>
		</dict>
		<key>E26D3C621ACEC88400B51DEF</key>
		<dict>
			<key>attributes</key>
			<dict>
				<key>LastUpgradeCheck</key>
				<string>0800</string>
				<key>ORGANIZATIONNAME</key>
				<string>Insiteo</string>
				<key>TargetAttributes</key>
				<dict>
					<key>E26D3C691ACEC88400B51DEF</key>
					<dict>
						<key>CreatedOnToolsVersion</key>
						<string>6.2</string>
						<key>DevelopmentTeam</key>
						<string>D6CK67QAV2</string>
					</dict>
				</dict>
			</dict>
			<key>buildConfigurationList</key>
			<string>E26D3C651ACEC88400B51DEF</string>
			<key>compatibilityVersion</key>
			<string>Xcode 3.2</string>
			<key>developmentRegion</key>
			<string>English</string>
			<key>hasScannedForEncodings</key>
			<string>0</string>
			<key>isa</key>
			<string>PBXProject</string>
			<key>knownRegions</key>
			<array>
				<string>en</string>
				<string>Base</string>
			</array>
			<key>mainGroup</key>
			<string>E26D3C611ACEC88400B51DEF</string>
			<key>productRefGroup</key>
			<string>E26D3C6B1ACEC88400B51DEF</string>
			<key>projectDirPath</key>
			<string></string>
			<key>projectReferences</key>
			<array/>
			<key>projectRoot</key>
			<string></string>
			<key>targets</key>
			<array>
				<string>E26D3C691ACEC88400B51DEF</string>
			</array>
		</dict>
		<key>E26D3C651ACEC88400B51DEF</key>
		<dict>
			<key>buildConfigurations</key>
			<array>
				<string>E26D3C8B1ACEC88400B51DEF</string>
				<string>E26D3C8C1ACEC88400B51DEF</string>
			</array>
			<key>defaultConfigurationIsVisible</key>
			<string>0</string>
			<key>defaultConfigurationName</key>
			<string>Release</string>
			<key>isa</key>
			<string>XCConfigurationList</string>
		</dict>
		<key>E26D3C661ACEC88400B51DEF</key>
		<dict>
			<key>buildActionMask</key>
			<string>2147483647</string>
			<key>files</key>
			<array>
				<string>E293D8DE1AD8092800605093</string>
				<string>E27E0F111D65FD6600418BF0</string>
				<string>E26D3C731ACEC88400B51DEF</string>
				<string>E27E0F1D1D65FF0900418BF0</string>
				<string>E27E0EFD1D65BA3D00418BF0</string>
				<string>E26D3C701ACEC88400B51DEF</string>
				<string>E285ECA81AD524E500F89AFD</string>
				<string>E2080BE11ADBFA0100E6299B</string>
				<string>E27E0F0E1D65EC8100418BF0</string>
				<string>E285ECB91AD5311200F89AFD</string>
				<string>E26D3CAF1ACED9C600B51DEF</string>
			</array>
			<key>isa</key>
			<string>PBXSourcesBuildPhase</string>
			<key>runOnlyForDeploymentPostprocessing</key>
			<string>0</string>
		</dict>
		<key>E26D3C671ACEC88400B51DEF</key>
		<dict>
			<key>buildActionMask</key>
			<string>2147483647</string>
			<key>files</key>
			<array/>
			<key>isa</key>
			<string>PBXFrameworksBuildPhase</string>
			<key>runOnlyForDeploymentPostprocessing</key>
			<string>0</string>
		</dict>
		<key>E26D3C681ACEC88400B51DEF</key>
		<dict>
			<key>buildActionMask</key>
			<string>2147483647</string>
			<key>files</key>
			<array>
				<string>E20AE13A1D674E060063154A</string>
				<string>E2BD1FAB1D7870EF00919100</string>
				<string>E2BD1FA91D7870EF00919100</string>
				<string>E2BD1FA81D7870EF00919100</string>
				<string>E20AE1391D674E060063154A</string>
				<string>E2BD1FAA1D7870EF00919100</string>
				<string>E27E0EFA1D65B75700418BF0</string>
				<string>E259AE4B1BB9717000CE0F52</string>
				<string>E26D3C7B1ACEC88400B51DEF</string>
			</array>
			<key>isa</key>
			<string>PBXResourcesBuildPhase</string>
			<key>runOnlyForDeploymentPostprocessing</key>
			<string>0</string>
		</dict>
		<key>E26D3C691ACEC88400B51DEF</key>
		<dict>
			<key>buildConfigurationList</key>
			<string>E26D3C8D1ACEC88400B51DEF</string>
			<key>buildPhases</key>
			<array>
				<string>E26D3C661ACEC88400B51DEF</string>
				<string>E26D3C671ACEC88400B51DEF</string>
				<string>E26D3C681ACEC88400B51DEF</string>
			</array>
			<key>buildRules</key>
			<array/>
			<key>dependencies</key>
			<array/>
			<key>isa</key>
			<string>PBXNativeTarget</string>
			<key>name</key>
			<string>InsiteoSDKDemo</string>
			<key>productName</key>
			<string>InsiteoSDKDemo</string>
			<key>productReference</key>
			<string>E26D3C6A1ACEC88400B51DEF</string>
			<key>productType</key>
			<string>com.apple.product-type.application</string>
		</dict>
		<key>E26D3C6A1ACEC88400B51DEF</key>
		<dict>
			<key>explicitFileType</key>
			<string>wrapper.application</string>
			<key>includeInIndex</key>
			<string>0</string>
			<key>isa</key>
			<string>PBXFileReference</string>
			<key>path</key>
			<string>InsiteoSDKDemo.app</string>
			<key>sourceTree</key>
			<string>BUILT_PRODUCTS_DIR</string>
		</dict>
		<key>E26D3C6B1ACEC88400B51DEF</key>
		<dict>
			<key>children</key>
			<array>
				<string>E26D3C6A1ACEC88400B51DEF</string>
			</array>
			<key>isa</key>
			<string>PBXGroup</string>
			<key>name</key>
			<string>Products</string>
			<key>sourceTree</key>
			<string>&lt;group&gt;</string>
		</dict>
		<key>E26D3C6C1ACEC88400B51DEF</key>
		<dict>
			<key>children</key>
			<array>
				<string>E26D3C711ACEC88400B51DEF</string>
				<string>E26D3C721ACEC88400B51DEF</string>
				<string>E26D3CA91ACED94500B51DEF</string>
				<string>E26D3C7A1ACEC88400B51DEF</string>
				<string>E26D3C6D1ACEC88400B51DEF</string>
			</array>
			<key>isa</key>
			<string>PBXGroup</string>
			<key>path</key>
			<string>InsiteoSDKDemo</string>
			<key>sourceTree</key>
			<string>&lt;group&gt;</string>
		</dict>
		<key>E26D3C6D1ACEC88400B51DEF</key>
		<dict>
			<key>children</key>
			<array>
				<string>E259AE4A1BB9717000CE0F52</string>
				<string>E27E0EF91D65B75700418BF0</string>
				<string>E26D3C6E1ACEC88400B51DEF</string>
				<string>E26D3C6F1ACEC88400B51DEF</string>
			</array>
			<key>isa</key>
			<string>PBXGroup</string>
			<key>name</key>
			<string>Supporting Files</string>
			<key>sourceTree</key>
			<string>&lt;group&gt;</string>
		</dict>
		<key>E26D3C6E1ACEC88400B51DEF</key>
		<dict>
			<key>isa</key>
			<string>PBXFileReference</string>
			<key>lastKnownFileType</key>
			<string>text.plist.xml</string>
			<key>path</key>
			<string>Info.plist</string>
			<key>sourceTree</key>
			<string>&lt;group&gt;</string>
		</dict>
		<key>E26D3C6F1ACEC88400B51DEF</key>
		<dict>
			<key>isa</key>
			<string>PBXFileReference</string>
			<key>lastKnownFileType</key>
			<string>sourcecode.c.objc</string>
			<key>path</key>
			<string>main.m</string>
			<key>sourceTree</key>
			<string>&lt;group&gt;</string>
		</dict>
		<key>E26D3C701ACEC88400B51DEF</key>
		<dict>
			<key>fileRef</key>
			<string>E26D3C6F1ACEC88400B51DEF</string>
			<key>isa</key>
			<string>PBXBuildFile</string>
		</dict>
		<key>E26D3C711ACEC88400B51DEF</key>
		<dict>
			<key>isa</key>
			<string>PBXFileReference</string>
			<key>lastKnownFileType</key>
			<string>sourcecode.c.h</string>
			<key>lineEnding</key>
			<string>0</string>
			<key>path</key>
			<string>AppDelegate.h</string>
			<key>sourceTree</key>
			<string>&lt;group&gt;</string>
			<key>xcLanguageSpecificationIdentifier</key>
			<string>xcode.lang.objcpp</string>
		</dict>
		<key>E26D3C721ACEC88400B51DEF</key>
		<dict>
			<key>isa</key>
			<string>PBXFileReference</string>
			<key>lastKnownFileType</key>
			<string>sourcecode.c.objc</string>
			<key>lineEnding</key>
			<string>0</string>
			<key>path</key>
			<string>AppDelegate.m</string>
			<key>sourceTree</key>
			<string>&lt;group&gt;</string>
			<key>xcLanguageSpecificationIdentifier</key>
			<string>xcode.lang.objc</string>
		</dict>
		<key>E26D3C731ACEC88400B51DEF</key>
		<dict>
			<key>fileRef</key>
			<string>E26D3C721ACEC88400B51DEF</string>
			<key>isa</key>
			<string>PBXBuildFile</string>
		</dict>
		<key>E26D3C7A1ACEC88400B51DEF</key>
		<dict>
			<key>isa</key>
			<string>PBXFileReference</string>
			<key>lastKnownFileType</key>
			<string>folder.assetcatalog</string>
			<key>path</key>
			<string>Images.xcassets</string>
			<key>sourceTree</key>
			<string>&lt;group&gt;</string>
		</dict>
		<key>E26D3C7B1ACEC88400B51DEF</key>
		<dict>
			<key>fileRef</key>
			<string>E26D3C7A1ACEC88400B51DEF</string>
			<key>isa</key>
			<string>PBXBuildFile</string>
		</dict>
		<key>E26D3C8B1ACEC88400B51DEF</key>
		<dict>
			<key>buildSettings</key>
			<dict>
				<key>ALWAYS_SEARCH_USER_PATHS</key>
				<string>NO</string>
				<key>CLANG_CXX_LANGUAGE_STANDARD</key>
				<string>gnu++0x</string>
				<key>CLANG_CXX_LIBRARY</key>
				<string>libc++</string>
				<key>CLANG_ENABLE_MODULES</key>
				<string>YES</string>
				<key>CLANG_ENABLE_OBJC_ARC</key>
				<string>YES</string>
				<key>CLANG_WARN_BOOL_CONVERSION</key>
				<string>YES</string>
				<key>CLANG_WARN_CONSTANT_CONVERSION</key>
				<string>YES</string>
				<key>CLANG_WARN_DIRECT_OBJC_ISA_USAGE</key>
				<string>YES_ERROR</string>
				<key>CLANG_WARN_EMPTY_BODY</key>
				<string>YES</string>
				<key>CLANG_WARN_ENUM_CONVERSION</key>
				<string>YES</string>
				<key>CLANG_WARN_INFINITE_RECURSION</key>
				<string>YES</string>
				<key>CLANG_WARN_INT_CONVERSION</key>
				<string>YES</string>
				<key>CLANG_WARN_OBJC_ROOT_CLASS</key>
				<string>YES_ERROR</string>
				<key>CLANG_WARN_SUSPICIOUS_MOVE</key>
				<string>YES</string>
				<key>CLANG_WARN_UNREACHABLE_CODE</key>
				<string>YES</string>
				<key>CLANG_WARN__DUPLICATE_METHOD_MATCH</key>
				<string>YES</string>
				<key>COPY_PHASE_STRIP</key>
				<string>NO</string>
				<key>ENABLE_STRICT_OBJC_MSGSEND</key>
				<string>YES</string>
				<key>ENABLE_TESTABILITY</key>
				<string>YES</string>
				<key>GCC_C_LANGUAGE_STANDARD</key>
				<string>gnu99</string>
				<key>GCC_DYNAMIC_NO_PIC</key>
				<string>NO</string>
				<key>GCC_NO_COMMON_BLOCKS</key>
				<string>YES</string>
				<key>GCC_OPTIMIZATION_LEVEL</key>
				<string>0</string>
				<key>GCC_PREPROCESSOR_DEFINITIONS</key>
				<array>
					<string>DEBUG=1</string>
					<string>$(inherited)</string>
				</array>
				<key>GCC_SYMBOLS_PRIVATE_EXTERN</key>
				<string>NO</string>
				<key>GCC_WARN_64_TO_32_BIT_CONVERSION</key>
				<string>YES</string>
				<key>GCC_WARN_ABOUT_RETURN_TYPE</key>
				<string>YES_ERROR</string>
				<key>GCC_WARN_UNDECLARED_SELECTOR</key>
				<string>YES</string>
				<key>GCC_WARN_UNINITIALIZED_AUTOS</key>
				<string>YES_AGGRESSIVE</string>
				<key>GCC_WARN_UNUSED_FUNCTION</key>
				<string>YES</string>
				<key>GCC_WARN_UNUSED_VARIABLE</key>
				<string>YES</string>
				<key>IPHONEOS_DEPLOYMENT_TARGET</key>
				<string>8.0</string>
				<key>MTL_ENABLE_DEBUG_INFO</key>
				<string>YES</string>
				<key>ONLY_ACTIVE_ARCH</key>
				<string>YES</string>
				<key>SDKROOT</key>
				<string>iphoneos</string>
				<key>TARGETED_DEVICE_FAMILY</key>
				<string>1,2</string>
			</dict>
			<key>isa</key>
			<string>XCBuildConfiguration</string>
			<key>name</key>
			<string>Debug</string>
		</dict>
		<key>E26D3C8C1ACEC88400B51DEF</key>
		<dict>
			<key>buildSettings</key>
			<dict>
				<key>ALWAYS_SEARCH_USER_PATHS</key>
				<string>NO</string>
				<key>CLANG_CXX_LANGUAGE_STANDARD</key>
				<string>gnu++0x</string>
				<key>CLANG_CXX_LIBRARY</key>
				<string>libc++</string>
				<key>CLANG_ENABLE_MODULES</key>
				<string>YES</string>
				<key>CLANG_ENABLE_OBJC_ARC</key>
				<string>YES</string>
				<key>CLANG_WARN_BOOL_CONVERSION</key>
				<string>YES</string>
				<key>CLANG_WARN_CONSTANT_CONVERSION</key>
				<string>YES</string>
				<key>CLANG_WARN_DIRECT_OBJC_ISA_USAGE</key>
				<string>YES_ERROR</string>
				<key>CLANG_WARN_EMPTY_BODY</key>
				<string>YES</string>
				<key>CLANG_WARN_ENUM_CONVERSION</key>
				<string>YES</string>
				<key>CLANG_WARN_INFINITE_RECURSION</key>
				<string>YES</string>
				<key>CLANG_WARN_INT_CONVERSION</key>
				<string>YES</string>
				<key>CLANG_WARN_OBJC_ROOT_CLASS</key>
				<string>YES_ERROR</string>
				<key>CLANG_WARN_SUSPICIOUS_MOVE</key>
				<string>YES</string>
				<key>CLANG_WARN_UNREACHABLE_CODE</key>
				<string>YES</string>
				<key>CLANG_WARN__DUPLICATE_METHOD_MATCH</key>
				<string>YES</string>
				<key>COPY_PHASE_STRIP</key>
				<string>NO</string>
				<key>ENABLE_NS_ASSERTIONS</key>
				<string>NO</string>
				<key>ENABLE_STRICT_OBJC_MSGSEND</key>
				<string>YES</string>
				<key>GCC_C_LANGUAGE_STANDARD</key>
				<string>gnu99</string>
				<key>GCC_NO_COMMON_BLOCKS</key>
				<string>YES</string>
				<key>GCC_WARN_64_TO_32_BIT_CONVERSION</key>
				<string>YES</string>
				<key>GCC_WARN_ABOUT_RETURN_TYPE</key>
				<string>YES_ERROR</string>
				<key>GCC_WARN_UNDECLARED_SELECTOR</key>
				<string>YES</string>
				<key>GCC_WARN_UNINITIALIZED_AUTOS</key>
				<string>YES_AGGRESSIVE</string>
				<key>GCC_WARN_UNUSED_FUNCTION</key>
				<string>YES</string>
				<key>GCC_WARN_UNUSED_VARIABLE</key>
				<string>YES</string>
				<key>IPHONEOS_DEPLOYMENT_TARGET</key>
				<string>8.0</string>
				<key>MTL_ENABLE_DEBUG_INFO</key>
				<string>NO</string>
				<key>SDKROOT</key>
				<string>iphoneos</string>
				<key>TARGETED_DEVICE_FAMILY</key>
				<string>1,2</string>
				<key>VALIDATE_PRODUCT</key>
				<string>YES</string>
			</dict>
			<key>isa</key>
			<string>XCBuildConfiguration</string>
			<key>name</key>
			<string>Release</string>
		</dict>
		<key>E26D3C8D1ACEC88400B51DEF</key>
		<dict>
			<key>buildConfigurations</key>
			<array>
				<string>E26D3C8E1ACEC88400B51DEF</string>
				<string>E26D3C8F1ACEC88400B51DEF</string>
			</array>
			<key>defaultConfigurationIsVisible</key>
			<string>0</string>
			<key>defaultConfigurationName</key>
			<string>Release</string>
			<key>isa</key>
			<string>XCConfigurationList</string>
		</dict>
		<key>E26D3C8E1ACEC88400B51DEF</key>
		<dict>
			<key>buildSettings</key>
			<dict>
				<key>ASSETCATALOG_COMPILER_APPICON_NAME</key>
				<string>AppIcon</string>
				<key>CODE_SIGN_IDENTITY</key>
				<string>iPhone Developer</string>
				<key>ENABLE_BITCODE</key>
				<string>NO</string>
				<key>INFOPLIST_FILE</key>
				<string>InsiteoSDKDemo/Info.plist</string>
				<key>PRODUCT_BUNDLE_IDENTIFIER</key>
				<string>com.insiteo.sampleapp</string>
				<key>PRODUCT_NAME</key>
				<string>$(TARGET_NAME)</string>
			</dict>
			<key>isa</key>
			<string>XCBuildConfiguration</string>
			<key>name</key>
			<string>Debug</string>
		</dict>
		<key>E26D3C8F1ACEC88400B51DEF</key>
		<dict>
			<key>buildSettings</key>
			<dict>
				<key>ASSETCATALOG_COMPILER_APPICON_NAME</key>
				<string>AppIcon</string>
				<key>CODE_SIGN_IDENTITY</key>
				<string>iPhone Developer</string>
				<key>ENABLE_BITCODE</key>
				<string>NO</string>
				<key>INFOPLIST_FILE</key>
				<string>InsiteoSDKDemo/Info.plist</string>
				<key>PRODUCT_BUNDLE_IDENTIFIER</key>
				<string>com.insiteo.sampleapp</string>
				<key>PRODUCT_NAME</key>
				<string>$(TARGET_NAME)</string>
			</dict>
			<key>isa</key>
			<string>XCBuildConfiguration</string>
			<key>name</key>
			<string>Release</string>
		</dict>
		<key>E26D3CA91ACED94500B51DEF</key>
		<dict>
			<key>children</key>
			<array>
				<string>E2080BDE1ADBF94E00E6299B</string>
				<string>E26D3CAD1ACED9C600B51DEF</string>
				<string>E26D3CAE1ACED9C600B51DEF</string>
				<string>E285EC9F1AD5232400F89AFD</string>
				<string>E27E0F0B1D65EC5C00418BF0</string>
				<string>E27E0EFE1D65BA4400418BF0</string>
			</array>
			<key>isa</key>
			<string>PBXGroup</string>
			<key>name</key>
			<string>Examples</string>
			<key>sourceTree</key>
			<string>&lt;group&gt;</string>
		</dict>
		<key>E26D3CAD1ACED9C600B51DEF</key>
		<dict>
			<key>fileEncoding</key>
			<string>4</string>
			<key>isa</key>
			<string>PBXFileReference</string>
			<key>lastKnownFileType</key>
			<string>sourcecode.c.h</string>
			<key>name</key>
			<string>ExamplesTableViewController.h</string>
			<key>path</key>
			<string>examples/ExamplesTableViewController.h</string>
			<key>sourceTree</key>
			<string>&lt;group&gt;</string>
		</dict>
		<key>E26D3CAE1ACED9C600B51DEF</key>
		<dict>
			<key>fileEncoding</key>
			<string>4</string>
			<key>isa</key>
			<string>PBXFileReference</string>
			<key>lastKnownFileType</key>
			<string>sourcecode.c.objc</string>
			<key>name</key>
			<string>ExamplesTableViewController.m</string>
			<key>path</key>
			<string>examples/ExamplesTableViewController.m</string>
			<key>sourceTree</key>
			<string>&lt;group&gt;</string>
		</dict>
		<key>E26D3CAF1ACED9C600B51DEF</key>
		<dict>
			<key>fileRef</key>
			<string>E26D3CAE1ACED9C600B51DEF</string>
			<key>isa</key>
			<string>PBXBuildFile</string>
		</dict>
		<key>E27E0EF91D65B75700418BF0</key>
		<dict>
			<key>fileEncoding</key>
			<string>4</string>
			<key>isa</key>
			<string>PBXFileReference</string>
			<key>lastKnownFileType</key>
			<string>file.storyboard</string>
			<key>path</key>
			<string>Main.storyboard</string>
			<key>sourceTree</key>
			<string>&lt;group&gt;</string>
		</dict>
		<key>E27E0EFA1D65B75700418BF0</key>
		<dict>
			<key>fileRef</key>
			<string>E27E0EF91D65B75700418BF0</string>
			<key>isa</key>
			<string>PBXBuildFile</string>
		</dict>
		<key>E27E0EFB1D65BA3D00418BF0</key>
		<dict>
			<key>fileEncoding</key>
			<string>4</string>
			<key>isa</key>
			<string>PBXFileReference</string>
			<key>lastKnownFileType</key>
			<string>sourcecode.c.h</string>
			<key>name</key>
			<string>SDKInitTableViewController.h</string>
			<key>path</key>
			<string>examples/initialization/SDKInitTableViewController.h</string>
			<key>sourceTree</key>
			<string>&lt;group&gt;</string>
		</dict>
		<key>E27E0EFC1D65BA3D00418BF0</key>
		<dict>
			<key>fileEncoding</key>
			<string>4</string>
			<key>isa</key>
			<string>PBXFileReference</string>
			<key>lastKnownFileType</key>
			<string>sourcecode.c.objc</string>
			<key>name</key>
			<string>SDKInitTableViewController.m</string>
			<key>path</key>
			<string>examples/initialization/SDKInitTableViewController.m</string>
			<key>sourceTree</key>
			<string>&lt;group&gt;</string>
		</dict>
		<key>E27E0EFD1D65BA3D00418BF0</key>
		<dict>
			<key>fileRef</key>
			<string>E27E0EFC1D65BA3D00418BF0</string>
			<key>isa</key>
			<string>PBXBuildFile</string>
		</dict>
		<key>E27E0EFE1D65BA4400418BF0</key>
		<dict>
			<key>children</key>
			<array>
				<string>E27E0EFB1D65BA3D00418BF0</string>
				<string>E27E0EFC1D65BA3D00418BF0</string>
			</array>
			<key>isa</key>
			<string>PBXGroup</string>
			<key>name</key>
			<string>SDK usage</string>
			<key>sourceTree</key>
			<string>&lt;group&gt;</string>
		</dict>
		<key>E27E0F0B1D65EC5C00418BF0</key>
		<dict>
			<key>children</key>
			<array>
				<string>E27E0F1E1D65FF1000418BF0</string>
				<string>E27E0F0C1D65EC8100418BF0</string>
				<string>E27E0F0D1D65EC8100418BF0</string>
			</array>
			<key>isa</key>
			<string>PBXGroup</string>
			<key>name</key>
			<string>Map</string>
			<key>sourceTree</key>
			<string>&lt;group&gt;</string>
		</dict>
		<key>E27E0F0C1D65EC8100418BF0</key>
		<dict>
			<key>fileEncoding</key>
			<string>4</string>
			<key>isa</key>
			<string>PBXFileReference</string>
			<key>lastKnownFileType</key>
			<string>sourcecode.c.h</string>
			<key>name</key>
			<string>MapViewController.h</string>
			<key>path</key>
			<string>examples/map/MapViewController.h</string>
			<key>sourceTree</key>
			<string>&lt;group&gt;</string>
		</dict>
		<key>E27E0F0D1D65EC8100418BF0</key>
		<dict>
			<key>fileEncoding</key>
			<string>4</string>
			<key>isa</key>
			<string>PBXFileReference</string>
			<key>lastKnownFileType</key>
			<string>sourcecode.c.objc</string>
			<key>name</key>
			<string>MapViewController.m</string>
			<key>path</key>
			<string>examples/map/MapViewController.m</string>
			<key>sourceTree</key>
			<string>&lt;group&gt;</string>
		</dict>
		<key>E27E0F0E1D65EC8100418BF0</key>
		<dict>
			<key>fileRef</key>
			<string>E27E0F0D1D65EC8100418BF0</string>
			<key>isa</key>
			<string>PBXBuildFile</string>
		</dict>
		<key>E27E0F0F1D65FD6600418BF0</key>
		<dict>
			<key>fileEncoding</key>
			<string>4</string>
			<key>isa</key>
			<string>PBXFileReference</string>
			<key>lastKnownFileType</key>
			<string>sourcecode.c.h</string>
			<key>name</key>
			<string>MyCustomRTO.h</string>
			<key>path</key>
			<string>examples/map/MyCustomRTO.h</string>
			<key>sourceTree</key>
			<string>&lt;group&gt;</string>
		</dict>
		<key>E27E0F101D65FD6600418BF0</key>
		<dict>
			<key>fileEncoding</key>
			<string>4</string>
			<key>isa</key>
			<string>PBXFileReference</string>
			<key>lastKnownFileType</key>
			<string>sourcecode.c.objc</string>
			<key>name</key>
			<string>MyCustomRTO.m</string>
			<key>path</key>
			<string>examples/map/MyCustomRTO.m</string>
			<key>sourceTree</key>
			<string>&lt;group&gt;</string>
		</dict>
		<key>E27E0F111D65FD6600418BF0</key>
		<dict>
			<key>fileRef</key>
			<string>E27E0F101D65FD6600418BF0</string>
			<key>isa</key>
			<string>PBXBuildFile</string>
		</dict>
		<key>E27E0F1A1D65FDE700418BF0</key>
		<dict>
			<key>children</key>
			<array>
				<string>E2BD1FA41D7870EF00919100</string>
				<string>E2BD1FA51D7870EF00919100</string>
				<string>E2BD1FA61D7870EF00919100</string>
				<string>E2BD1FA71D7870EF00919100</string>
				<string>E20AE1371D674E060063154A</string>
				<string>E20AE1381D674E060063154A</string>
			</array>
			<key>isa</key>
			<string>PBXGroup</string>
			<key>name</key>
			<string>Custom RTO images</string>
			<key>sourceTree</key>
			<string>&lt;group&gt;</string>
		</dict>
		<key>E27E0F1B1D65FF0900418BF0</key>
		<dict>
			<key>fileEncoding</key>
			<string>4</string>
			<key>isa</key>
			<string>PBXFileReference</string>
			<key>lastKnownFileType</key>
			<string>sourcecode.c.h</string>
			<key>name</key>
			<string>MyCustomRTORenderer.h</string>
			<key>path</key>
			<string>examples/map/MyCustomRTORenderer.h</string>
			<key>sourceTree</key>
			<string>&lt;group&gt;</string>
		</dict>
		<key>E27E0F1C1D65FF0900418BF0</key>
		<dict>
			<key>fileEncoding</key>
			<string>4</string>
			<key>isa</key>
			<string>PBXFileReference</string>
			<key>lastKnownFileType</key>
			<string>sourcecode.c.objc</string>
			<key>name</key>
			<string>MyCustomRTORenderer.m</string>
			<key>path</key>
			<string>examples/map/MyCustomRTORenderer.m</string>
			<key>sourceTree</key>
			<string>&lt;group&gt;</string>
		</dict>
		<key>E27E0F1D1D65FF0900418BF0</key>
		<dict>
			<key>fileRef</key>
			<string>E27E0F1C1D65FF0900418BF0</string>
			<key>isa</key>
			<string>PBXBuildFile</string>
		</dict>
		<key>E27E0F1E1D65FF1000418BF0</key>
		<dict>
			<key>children</key>
			<array>
				<string>E27E0F1A1D65FDE700418BF0</string>
				<string>E27E0F0F1D65FD6600418BF0</string>
				<string>E27E0F101D65FD6600418BF0</string>
				<string>E27E0F1B1D65FF0900418BF0</string>
				<string>E27E0F1C1D65FF0900418BF0</string>
				<string>E293D8DC1AD8092800605093</string>
				<string>E293D8DD1AD8092800605093</string>
			</array>
			<key>isa</key>
			<string>PBXGroup</string>
			<key>name</key>
			<string>Custom RTO</string>
			<key>sourceTree</key>
			<string>&lt;group&gt;</string>
		</dict>
		<key>E285EC9F1AD5232400F89AFD</key>
		<dict>
			<key>children</key>
			<array>
				<string>E285ECA61AD524E500F89AFD</string>
				<string>E285ECA71AD524E500F89AFD</string>
				<string>E285ECB71AD5311200F89AFD</string>
				<string>E285ECB81AD5311200F89AFD</string>
			</array>
			<key>isa</key>
			<string>PBXGroup</string>
			<key>name</key>
			<string>iBeacon</string>
			<key>path</key>
			<string>examples/beacons</string>
			<key>sourceTree</key>
			<string>&lt;group&gt;</string>
		</dict>
		<key>E285ECA61AD524E500F89AFD</key>
		<dict>
			<key>fileEncoding</key>
			<string>4</string>
			<key>isa</key>
			<string>PBXFileReference</string>
			<key>lastKnownFileType</key>
			<string>sourcecode.c.h</string>
			<key>lineEnding</key>
			<string>0</string>
			<key>path</key>
			<string>BeaconsTableViewController.h</string>
			<key>sourceTree</key>
			<string>&lt;group&gt;</string>
			<key>xcLanguageSpecificationIdentifier</key>
			<string>xcode.lang.objcpp</string>
		</dict>
		<key>E285ECA71AD524E500F89AFD</key>
		<dict>
			<key>fileEncoding</key>
			<string>4</string>
			<key>isa</key>
			<string>PBXFileReference</string>
			<key>lastKnownFileType</key>
			<string>sourcecode.c.objc</string>
			<key>lineEnding</key>
			<string>0</string>
			<key>path</key>
			<string>BeaconsTableViewController.m</string>
			<key>sourceTree</key>
			<string>&lt;group&gt;</string>
			<key>xcLanguageSpecificationIdentifier</key>
			<string>xcode.lang.objc</string>
		</dict>
		<key>E285ECA81AD524E500F89AFD</key>
		<dict>
			<key>fileRef</key>
			<string>E285ECA71AD524E500F89AFD</string>
			<key>isa</key>
			<string>PBXBuildFile</string>
		</dict>
		<key>E285ECB71AD5311200F89AFD</key>
		<dict>
			<key>fileEncoding</key>
			<string>4</string>
			<key>isa</key>
			<string>PBXFileReference</string>
			<key>lastKnownFileType</key>
			<string>sourcecode.c.h</string>
			<key>lineEnding</key>
			<string>0</string>
			<key>path</key>
			<string>BeaconRegionDetailsTableViewController.h</string>
			<key>sourceTree</key>
			<string>&lt;group&gt;</string>
			<key>xcLanguageSpecificationIdentifier</key>
			<string>xcode.lang.objcpp</string>
		</dict>
		<key>E285ECB81AD5311200F89AFD</key>
		<dict>
			<key>fileEncoding</key>
			<string>4</string>
			<key>isa</key>
			<string>PBXFileReference</string>
			<key>lastKnownFileType</key>
			<string>sourcecode.c.objc</string>
			<key>lineEnding</key>
			<string>0</string>
			<key>path</key>
			<string>BeaconRegionDetailsTableViewController.m</string>
			<key>sourceTree</key>
			<string>&lt;group&gt;</string>
			<key>xcLanguageSpecificationIdentifier</key>
			<string>xcode.lang.objc</string>
		</dict>
		<key>E285ECB91AD5311200F89AFD</key>
		<dict>
			<key>fileRef</key>
			<string>E285ECB81AD5311200F89AFD</string>
			<key>isa</key>
			<string>PBXBuildFile</string>
		</dict>
		<key>E293D8DC1AD8092800605093</key>
		<dict>
			<key>fileEncoding</key>
			<string>4</string>
			<key>isa</key>
			<string>PBXFileReference</string>
			<key>lastKnownFileType</key>
			<string>sourcecode.c.h</string>
			<key>name</key>
			<string>ItineraryWaypoint.h</string>
			<key>path</key>
			<string>examples/map/ItineraryWaypoint.h</string>
			<key>sourceTree</key>
			<string>&lt;group&gt;</string>
		</dict>
		<key>E293D8DD1AD8092800605093</key>
		<dict>
			<key>fileEncoding</key>
			<string>4</string>
			<key>isa</key>
			<string>PBXFileReference</string>
			<key>lastKnownFileType</key>
			<string>sourcecode.c.objc</string>
			<key>name</key>
			<string>ItineraryWaypoint.m</string>
			<key>path</key>
			<string>examples/map/ItineraryWaypoint.m</string>
			<key>sourceTree</key>
			<string>&lt;group&gt;</string>
		</dict>
		<key>E293D8DE1AD8092800605093</key>
		<dict>
			<key>fileRef</key>
			<string>E293D8DD1AD8092800605093</string>
			<key>isa</key>
			<string>PBXBuildFile</string>
		</dict>
		<key>E2BD1FA41D7870EF00919100</key>
		<dict>
			<key>isa</key>
			<string>PBXFileReference</string>
			<key>lastKnownFileType</key>
			<string>image.png</string>
			<key>name</key>
			<string>favorite.png</string>
			<key>path</key>
			<string>resources/images/favorite.png</string>
			<key>sourceTree</key>
			<string>&lt;group&gt;</string>
		</dict>
		<key>E2BD1FA51D7870EF00919100</key>
		<dict>
			<key>isa</key>
			<string>PBXFileReference</string>
			<key>lastKnownFileType</key>
			<string>image.png</string>
			<key>name</key>
			<string>favorite@2x.png</string>
			<key>path</key>
			<string>resources/images/favorite@2x.png</string>
			<key>sourceTree</key>
			<string>&lt;group&gt;</string>
		</dict>
		<key>E2BD1FA61D7870EF00919100</key>
		<dict>
			<key>isa</key>
			<string>PBXFileReference</string>
			<key>lastKnownFileType</key>
			<string>image.png</string>
			<key>name</key>
			<string>marker-toilet.png</string>
			<key>path</key>
			<string>resources/images/marker-toilet.png</string>
			<key>sourceTree</key>
			<string>&lt;group&gt;</string>
		</dict>
		<key>E2BD1FA71D7870EF00919100</key>
		<dict>
			<key>isa</key>
			<string>PBXFileReference</string>
			<key>lastKnownFileType</key>
			<string>image.png</string>
			<key>name</key>
			<string>marker-toilet@2x.png</string>
			<key>path</key>
			<string>resources/images/marker-toilet@2x.png</string>
			<key>sourceTree</key>
			<string>&lt;group&gt;</string>
		</dict>
		<key>E2BD1FA81D7870EF00919100</key>
		<dict>
			<key>fileRef</key>
			<string>E2BD1FA41D7870EF00919100</string>
			<key>isa</key>
			<string>PBXBuildFile</string>
		</dict>
		<key>E2BD1FA91D7870EF00919100</key>
		<dict>
			<key>fileRef</key>
			<string>E2BD1FA51D7870EF00919100</string>
			<key>isa</key>
			<string>PBXBuildFile</string>
		</dict>
		<key>E2BD1FAA1D7870EF00919100</key>
		<dict>
			<key>fileRef</key>
			<string>E2BD1FA61D7870EF00919100</string>
			<key>isa</key>
			<string>PBXBuildFile</string>
		</dict>
		<key>E2BD1FAB1D7870EF00919100</key>
		<dict>
			<key>fileRef</key>
			<string>E2BD1FA71D7870EF00919100</string>
			<key>isa</key>
			<string>PBXBuildFile</string>
		</dict>
	</dict>
	<key>rootObject</key>
	<string>E26D3C621ACEC88400B51DEF</string>
</dict>
</plist>
