// !$*UTF8*$!
{
	archiveVersion = 1;
	classes = {
	};
	objectVersion = 46;
	objects = {

/* Begin PBXBuildFile section */
		E2080BE11ADBFA0100E6299B /* AnalyticsViewController.m in Sources */ = {isa = PBXBuildFile; fileRef = E2080BE01ADBFA0100E6299B /* AnalyticsViewController.m */; };
		E20AE1391D674E060063154A /* flag.png in Resources */ = {isa = PBXBuildFile; fileRef = E20AE1371D674E060063154A /* flag.png */; };
		E20AE13A1D674E060063154A /* flag@2x.png in Resources */ = {isa = PBXBuildFile; fileRef = E20AE1381D674E060063154A /* flag@2x.png */; };
		E259AE4B1BB9717000CE0F52 /* LaunchScreen.xib in Resources */ = {isa = PBXBuildFile; fileRef = E259AE4A1BB9717000CE0F52 /* LaunchScreen.xib */; };
		E26D3C701ACEC88400B51DEF /* main.m in Sources */ = {isa = PBXBuildFile; fileRef = E26D3C6F1ACEC88400B51DEF /* main.m */; };
		E26D3C731ACEC88400B51DEF /* AppDelegate.m in Sources */ = {isa = PBXBuildFile; fileRef = E26D3C721ACEC88400B51DEF /* AppDelegate.m */; };
		E26D3C7B1ACEC88400B51DEF /* Images.xcassets in Resources */ = {isa = PBXBuildFile; fileRef = E26D3C7A1ACEC88400B51DEF /* Images.xcassets */; };
		E26D3CAF1ACED9C600B51DEF /* ExamplesTableViewController.m in Sources */ = {isa = PBXBuildFile; fileRef = E26D3CAE1ACED9C600B51DEF /* ExamplesTableViewController.m */; };
		E27E0EFA1D65B75700418BF0 /* Main.storyboard in Resources */ = {isa = PBXBuildFile; fileRef = E27E0EF91D65B75700418BF0 /* Main.storyboard */; };
		E27E0EFD1D65BA3D00418BF0 /* SDKInitTableViewController.m in Sources */ = {isa = PBXBuildFile; fileRef = E27E0EFC1D65BA3D00418BF0 /* SDKInitTableViewController.m */; };
		E27E0F0E1D65EC8100418BF0 /* MapViewController.m in Sources */ = {isa = PBXBuildFile; fileRef = E27E0F0D1D65EC8100418BF0 /* MapViewController.m */; };
		E27E0F111D65FD6600418BF0 /* MyCustomRTO.m in Sources */ = {isa = PBXBuildFile; fileRef = E27E0F101D65FD6600418BF0 /* MyCustomRTO.m */; };
		E27E0F1D1D65FF0900418BF0 /* MyCustomRTORenderer.m in Sources */ = {isa = PBXBuildFile; fileRef = E27E0F1C1D65FF0900418BF0 /* MyCustomRTORenderer.m */; };
		E285ECA81AD524E500F89AFD /* BeaconsTableViewController.m in Sources */ = {isa = PBXBuildFile; fileRef = E285ECA71AD524E500F89AFD /* BeaconsTableViewController.m */; };
		E285ECB91AD5311200F89AFD /* BeaconRegionDetailsTableViewController.m in Sources */ = {isa = PBXBuildFile; fileRef = E285ECB81AD5311200F89AFD /* BeaconRegionDetailsTableViewController.m */; };
		E293D8DE1AD8092800605093 /* ItineraryWaypoint.m in Sources */ = {isa = PBXBuildFile; fileRef = E293D8DD1AD8092800605093 /* ItineraryWaypoint.m */; };
		E2BD1FA81D7870EF00919100 /* favorite.png in Resources */ = {isa = PBXBuildFile; fileRef = E2BD1FA41D7870EF00919100 /* favorite.png */; };
		E2BD1FA91D7870EF00919100 /* favorite@2x.png in Resources */ = {isa = PBXBuildFile; fileRef = E2BD1FA51D7870EF00919100 /* favorite@2x.png */; };
		E2BD1FAA1D7870EF00919100 /* marker-toilet.png in Resources */ = {isa = PBXBuildFile; fileRef = E2BD1FA61D7870EF00919100 /* marker-toilet.png */; };
		E2BD1FAB1D7870EF00919100 /* marker-toilet@2x.png in Resources */ = {isa = PBXBuildFile; fileRef = E2BD1FA71D7870EF00919100 /* marker-toilet@2x.png */; };
/* End PBXBuildFile section */

/* Begin PBXFileReference section */
		E2080BDF1ADBFA0100E6299B /* AnalyticsViewController.h */ = {isa = PBXFileReference; fileEncoding = 4; lastKnownFileType = sourcecode.c.h; lineEnding = 0; name = AnalyticsViewController.h; path = examples/analytics/AnalyticsViewController.h; sourceTree = "<group>"; xcLanguageSpecificationIdentifier = xcode.lang.objcpp; };
		E2080BE01ADBFA0100E6299B /* AnalyticsViewController.m */ = {isa = PBXFileReference; fileEncoding = 4; lastKnownFileType = sourcecode.c.objc; lineEnding = 0; name = AnalyticsViewController.m; path = examples/analytics/AnalyticsViewController.m; sourceTree = "<group>"; xcLanguageSpecificationIdentifier = xcode.lang.objc; };
		E20AE1371D674E060063154A /* flag.png */ = {isa = PBXFileReference; lastKnownFileType = image.png; name = flag.png; path = resources/images/flag.png; sourceTree = "<group>"; };
		E20AE1381D674E060063154A /* flag@2x.png */ = {isa = PBXFileReference; lastKnownFileType = image.png; name = "flag@2x.png"; path = "resources/images/flag@2x.png"; sourceTree = "<group>"; };
		E259AE4A1BB9717000CE0F52 /* LaunchScreen.xib */ = {isa = PBXFileReference; fileEncoding = 4; lastKnownFileType = file.xib; path = LaunchScreen.xib; sourceTree = "<group>"; };
		E26D3C6A1ACEC88400B51DEF /* InsiteoSDKDemo.app */ = {isa = PBXFileReference; explicitFileType = wrapper.application; includeInIndex = 0; path = InsiteoSDKDemo.app; sourceTree = BUILT_PRODUCTS_DIR; };
		E26D3C6E1ACEC88400B51DEF /* Info.plist */ = {isa = PBXFileReference; lastKnownFileType = text.plist.xml; path = Info.plist; sourceTree = "<group>"; };
		E26D3C6F1ACEC88400B51DEF /* main.m */ = {isa = PBXFileReference; lastKnownFileType = sourcecode.c.objc; path = main.m; sourceTree = "<group>"; };
		E26D3C711ACEC88400B51DEF /* AppDelegate.h */ = {isa = PBXFileReference; lastKnownFileType = sourcecode.c.h; lineEnding = 0; path = AppDelegate.h; sourceTree = "<group>"; xcLanguageSpecificationIdentifier = xcode.lang.objcpp; };
		E26D3C721ACEC88400B51DEF /* AppDelegate.m */ = {isa = PBXFileReference; lastKnownFileType = sourcecode.c.objc; lineEnding = 0; path = AppDelegate.m; sourceTree = "<group>"; xcLanguageSpecificationIdentifier = xcode.lang.objc; };
		E26D3C7A1ACEC88400B51DEF /* Images.xcassets */ = {isa = PBXFileReference; lastKnownFileType = folder.assetcatalog; path = Images.xcassets; sourceTree = "<group>"; };
		E26D3CAD1ACED9C600B51DEF /* ExamplesTableViewController.h */ = {isa = PBXFileReference; fileEncoding = 4; lastKnownFileType = sourcecode.c.h; name = ExamplesTableViewController.h; path = examples/ExamplesTableViewController.h; sourceTree = "<group>"; };
		E26D3CAE1ACED9C600B51DEF /* ExamplesTableViewController.m */ = {isa = PBXFileReference; fileEncoding = 4; lastKnownFileType = sourcecode.c.objc; name = ExamplesTableViewController.m; path = examples/ExamplesTableViewController.m; sourceTree = "<group>"; };
		E27E0EF91D65B75700418BF0 /* Main.storyboard */ = {isa = PBXFileReference; fileEncoding = 4; lastKnownFileType = file.storyboard; path = Main.storyboard; sourceTree = "<group>"; };
		E27E0EFB1D65BA3D00418BF0 /* SDKInitTableViewController.h */ = {isa = PBXFileReference; fileEncoding = 4; lastKnownFileType = sourcecode.c.h; name = SDKInitTableViewController.h; path = examples/initialization/SDKInitTableViewController.h; sourceTree = "<group>"; };
		E27E0EFC1D65BA3D00418BF0 /* SDKInitTableViewController.m */ = {isa = PBXFileReference; fileEncoding = 4; lastKnownFileType = sourcecode.c.objc; name = SDKInitTableViewController.m; path = examples/initialization/SDKInitTableViewController.m; sourceTree = "<group>"; };
		E27E0F0C1D65EC8100418BF0 /* MapViewController.h */ = {isa = PBXFileReference; fileEncoding = 4; lastKnownFileType = sourcecode.c.h; name = MapViewController.h; path = examples/map/MapViewController.h; sourceTree = "<group>"; };
		E27E0F0D1D65EC8100418BF0 /* MapViewController.m */ = {isa = PBXFileReference; fileEncoding = 4; lastKnownFileType = sourcecode.c.objc; name = MapViewController.m; path = examples/map/MapViewController.m; sourceTree = "<group>"; };
		E27E0F0F1D65FD6600418BF0 /* MyCustomRTO.h */ = {isa = PBXFileReference; fileEncoding = 4; lastKnownFileType = sourcecode.c.h; name = MyCustomRTO.h; path = examples/map/MyCustomRTO.h; sourceTree = "<group>"; };
		E27E0F101D65FD6600418BF0 /* MyCustomRTO.m */ = {isa = PBXFileReference; fileEncoding = 4; lastKnownFileType = sourcecode.c.objc; name = MyCustomRTO.m; path = examples/map/MyCustomRTO.m; sourceTree = "<group>"; };
		E27E0F1B1D65FF0900418BF0 /* MyCustomRTORenderer.h */ = {isa = PBXFileReference; fileEncoding = 4; lastKnownFileType = sourcecode.c.h; name = MyCustomRTORenderer.h; path = examples/map/MyCustomRTORenderer.h; sourceTree = "<group>"; };
		E27E0F1C1D65FF0900418BF0 /* MyCustomRTORenderer.m */ = {isa = PBXFileReference; fileEncoding = 4; lastKnownFileType = sourcecode.c.objc; name = MyCustomRTORenderer.m; path = examples/map/MyCustomRTORenderer.m; sourceTree = "<group>"; };
		E285ECA61AD524E500F89AFD /* BeaconsTableViewController.h */ = {isa = PBXFileReference; fileEncoding = 4; lastKnownFileType = sourcecode.c.h; lineEnding = 0; path = BeaconsTableViewController.h; sourceTree = "<group>"; xcLanguageSpecificationIdentifier = xcode.lang.objcpp; };
		E285ECA71AD524E500F89AFD /* BeaconsTableViewController.m */ = {isa = PBXFileReference; fileEncoding = 4; lastKnownFileType = sourcecode.c.objc; lineEnding = 0; path = BeaconsTableViewController.m; sourceTree = "<group>"; xcLanguageSpecificationIdentifier = xcode.lang.objc; };
		E285ECB71AD5311200F89AFD /* BeaconRegionDetailsTableViewController.h */ = {isa = PBXFileReference; fileEncoding = 4; lastKnownFileType = sourcecode.c.h; lineEnding = 0; path = BeaconRegionDetailsTableViewController.h; sourceTree = "<group>"; xcLanguageSpecificationIdentifier = xcode.lang.objcpp; };
		E285ECB81AD5311200F89AFD /* BeaconRegionDetailsTableViewController.m */ = {isa = PBXFileReference; fileEncoding = 4; lastKnownFileType = sourcecode.c.objc; lineEnding = 0; path = BeaconRegionDetailsTableViewController.m; sourceTree = "<group>"; xcLanguageSpecificationIdentifier = xcode.lang.objc; };
		E293D8DC1AD8092800605093 /* ItineraryWaypoint.h */ = {isa = PBXFileReference; fileEncoding = 4; lastKnownFileType = sourcecode.c.h; name = ItineraryWaypoint.h; path = examples/map/ItineraryWaypoint.h; sourceTree = "<group>"; };
		E293D8DD1AD8092800605093 /* ItineraryWaypoint.m */ = {isa = PBXFileReference; fileEncoding = 4; lastKnownFileType = sourcecode.c.objc; name = ItineraryWaypoint.m; path = examples/map/ItineraryWaypoint.m; sourceTree = "<group>"; };
		E2BD1FA41D7870EF00919100 /* favorite.png */ = {isa = PBXFileReference; lastKnownFileType = image.png; name = favorite.png; path = resources/images/favorite.png; sourceTree = "<group>"; };
		E2BD1FA51D7870EF00919100 /* favorite@2x.png */ = {isa = PBXFileReference; lastKnownFileType = image.png; name = "favorite@2x.png"; path = "resources/images/favorite@2x.png"; sourceTree = "<group>"; };
		E2BD1FA61D7870EF00919100 /* marker-toilet.png */ = {isa = PBXFileReference; lastKnownFileType = image.png; name = "marker-toilet.png"; path = "resources/images/marker-toilet.png"; sourceTree = "<group>"; };
		E2BD1FA71D7870EF00919100 /* marker-toilet@2x.png */ = {isa = PBXFileReference; lastKnownFileType = image.png; name = "marker-toilet@2x.png"; path = "resources/images/marker-toilet@2x.png"; sourceTree = "<group>"; };
/* End PBXFileReference section */

/* Begin PBXFrameworksBuildPhase section */
		E26D3C671ACEC88400B51DEF /* Frameworks */ = {
			isa = PBXFrameworksBuildPhase;
			buildActionMask = 2147483647;
			files = (
			);
			runOnlyForDeploymentPostprocessing = 0;
		};
/* End PBXFrameworksBuildPhase section */

/* Begin PBXGroup section */
		E2080BDE1ADBF94E00E6299B /* Analytics */ = {
			isa = PBXGroup;
			children = (
				E2080BDF1ADBFA0100E6299B /* AnalyticsViewController.h */,
				E2080BE01ADBFA0100E6299B /* AnalyticsViewController.m */,
			);
			name = Analytics;
			sourceTree = "<group>";
		};
		E26D3C611ACEC88400B51DEF = {
			isa = PBXGroup;
			children = (
				E26D3C6C1ACEC88400B51DEF /* InsiteoSDKDemo */,
				E26D3C6B1ACEC88400B51DEF /* Products */,
			);
			sourceTree = "<group>";
		};
		E26D3C6B1ACEC88400B51DEF /* Products */ = {
			isa = PBXGroup;
			children = (
				E26D3C6A1ACEC88400B51DEF /* InsiteoSDKDemo.app */,
			);
			name = Products;
			sourceTree = "<group>";
		};
		E26D3C6C1ACEC88400B51DEF /* InsiteoSDKDemo */ = {
			isa = PBXGroup;
			children = (
				E26D3C711ACEC88400B51DEF /* AppDelegate.h */,
				E26D3C721ACEC88400B51DEF /* AppDelegate.m */,
				E26D3CA91ACED94500B51DEF /* Examples */,
				E26D3C7A1ACEC88400B51DEF /* Images.xcassets */,
				E26D3C6D1ACEC88400B51DEF /* Supporting Files */,
			);
			path = InsiteoSDKDemo;
			sourceTree = "<group>";
		};
		E26D3C6D1ACEC88400B51DEF /* Supporting Files */ = {
			isa = PBXGroup;
			children = (
				E259AE4A1BB9717000CE0F52 /* LaunchScreen.xib */,
				E27E0EF91D65B75700418BF0 /* Main.storyboard */,
				E26D3C6E1ACEC88400B51DEF /* Info.plist */,
				E26D3C6F1ACEC88400B51DEF /* main.m */,
			);
			name = "Supporting Files";
			sourceTree = "<group>";
		};
		E26D3CA91ACED94500B51DEF /* Examples */ = {
			isa = PBXGroup;
			children = (
				E2080BDE1ADBF94E00E6299B /* Analytics */,
				E26D3CAD1ACED9C600B51DEF /* ExamplesTableViewController.h */,
				E26D3CAE1ACED9C600B51DEF /* ExamplesTableViewController.m */,
				E285EC9F1AD5232400F89AFD /* iBeacon */,
				E27E0F0B1D65EC5C00418BF0 /* Map */,
				E27E0EFE1D65BA4400418BF0 /* SDK usage */,
			);
			name = Examples;
			sourceTree = "<group>";
		};
		E27E0EFE1D65BA4400418BF0 /* SDK usage */ = {
			isa = PBXGroup;
			children = (
				E27E0EFB1D65BA3D00418BF0 /* SDKInitTableViewController.h */,
				E27E0EFC1D65BA3D00418BF0 /* SDKInitTableViewController.m */,
			);
			name = "SDK usage";
			sourceTree = "<group>";
		};
		E27E0F0B1D65EC5C00418BF0 /* Map */ = {
			isa = PBXGroup;
			children = (
				E27E0F1E1D65FF1000418BF0 /* Custom RTO */,
				E27E0F0C1D65EC8100418BF0 /* MapViewController.h */,
				E27E0F0D1D65EC8100418BF0 /* MapViewController.m */,
			);
			name = Map;
			sourceTree = "<group>";
		};
		E27E0F1A1D65FDE700418BF0 /* Custom RTO images */ = {
			isa = PBXGroup;
			children = (
				E2BD1FA41D7870EF00919100 /* favorite.png */,
				E2BD1FA51D7870EF00919100 /* favorite@2x.png */,
				E2BD1FA61D7870EF00919100 /* marker-toilet.png */,
				E2BD1FA71D7870EF00919100 /* marker-toilet@2x.png */,
				E20AE1371D674E060063154A /* flag.png */,
				E20AE1381D674E060063154A /* flag@2x.png */,
			);
			name = "Custom RTO images";
			sourceTree = "<group>";
		};
		E27E0F1E1D65FF1000418BF0 /* Custom RTO */ = {
			isa = PBXGroup;
			children = (
				E27E0F1A1D65FDE700418BF0 /* Custom RTO images */,
				E27E0F0F1D65FD6600418BF0 /* MyCustomRTO.h */,
				E27E0F101D65FD6600418BF0 /* MyCustomRTO.m */,
				E27E0F1B1D65FF0900418BF0 /* MyCustomRTORenderer.h */,
				E27E0F1C1D65FF0900418BF0 /* MyCustomRTORenderer.m */,
				E293D8DC1AD8092800605093 /* ItineraryWaypoint.h */,
				E293D8DD1AD8092800605093 /* ItineraryWaypoint.m */,
			);
			name = "Custom RTO";
			sourceTree = "<group>";
		};
		E285EC9F1AD5232400F89AFD /* iBeacon */ = {
			isa = PBXGroup;
			children = (
				E285ECA61AD524E500F89AFD /* BeaconsTableViewController.h */,
				E285ECA71AD524E500F89AFD /* BeaconsTableViewController.m */,
				E285ECB71AD5311200F89AFD /* BeaconRegionDetailsTableViewController.h */,
				E285ECB81AD5311200F89AFD /* BeaconRegionDetailsTableViewController.m */,
			);
			name = iBeacon;
			path = examples/beacons;
			sourceTree = "<group>";
		};
/* End PBXGroup section */

/* Begin PBXNativeTarget section */
		E26D3C691ACEC88400B51DEF /* InsiteoSDKDemo */ = {
			isa = PBXNativeTarget;
			buildConfigurationList = E26D3C8D1ACEC88400B51DEF /* Build configuration list for PBXNativeTarget "InsiteoSDKDemo" */;
			buildPhases = (
				E26D3C661ACEC88400B51DEF /* Sources */,
				E26D3C671ACEC88400B51DEF /* Frameworks */,
				E26D3C681ACEC88400B51DEF /* Resources */,
			);
			buildRules = (
			);
			dependencies = (
			);
			name = InsiteoSDKDemo;
			productName = InsiteoSDKDemo;
			productReference = E26D3C6A1ACEC88400B51DEF /* InsiteoSDKDemo.app */;
			productType = "com.apple.product-type.application";
		};
/* End PBXNativeTarget section */

/* Begin PBXProject section */
		E26D3C621ACEC88400B51DEF /* Project object */ = {
			isa = PBXProject;
			attributes = {
				LastUpgradeCheck = 0700;
				ORGANIZATIONNAME = Insiteo;
				TargetAttributes = {
					E26D3C691ACEC88400B51DEF = {
						CreatedOnToolsVersion = 6.2;
						DevelopmentTeam = D6CK67QAV2;
					};
				};
			};
			buildConfigurationList = E26D3C651ACEC88400B51DEF /* Build configuration list for PBXProject "InsiteoSDKDemo" */;
			compatibilityVersion = "Xcode 3.2";
			developmentRegion = English;
			hasScannedForEncodings = 0;
			knownRegions = (
				en,
				Base,
			);
			mainGroup = E26D3C611ACEC88400B51DEF;
			productRefGroup = E26D3C6B1ACEC88400B51DEF /* Products */;
			projectDirPath = "";
			projectRoot = "";
			targets = (
				E26D3C691ACEC88400B51DEF /* InsiteoSDKDemo */,
			);
		};
/* End PBXProject section */

/* Begin PBXResourcesBuildPhase section */
		E26D3C681ACEC88400B51DEF /* Resources */ = {
			isa = PBXResourcesBuildPhase;
			buildActionMask = 2147483647;
			files = (
				E20AE13A1D674E060063154A /* flag@2x.png in Resources */,
				E2BD1FAB1D7870EF00919100 /* marker-toilet@2x.png in Resources */,
				E2BD1FA91D7870EF00919100 /* favorite@2x.png in Resources */,
				E2BD1FA81D7870EF00919100 /* favorite.png in Resources */,
				E20AE1391D674E060063154A /* flag.png in Resources */,
				E2BD1FAA1D7870EF00919100 /* marker-toilet.png in Resources */,
				E27E0EFA1D65B75700418BF0 /* Main.storyboard in Resources */,
				E259AE4B1BB9717000CE0F52 /* LaunchScreen.xib in Resources */,
				E26D3C7B1ACEC88400B51DEF /* Images.xcassets in Resources */,
			);
			runOnlyForDeploymentPostprocessing = 0;
		};
/* End PBXResourcesBuildPhase section */

/* Begin PBXSourcesBuildPhase section */
		E26D3C661ACEC88400B51DEF /* Sources */ = {
			isa = PBXSourcesBuildPhase;
			buildActionMask = 2147483647;
			files = (
				E293D8DE1AD8092800605093 /* ItineraryWaypoint.m in Sources */,
				E27E0F111D65FD6600418BF0 /* MyCustomRTO.m in Sources */,
				E26D3C731ACEC88400B51DEF /* AppDelegate.m in Sources */,
				E27E0F1D1D65FF0900418BF0 /* MyCustomRTORenderer.m in Sources */,
				E27E0EFD1D65BA3D00418BF0 /* SDKInitTableViewController.m in Sources */,
				E26D3C701ACEC88400B51DEF /* main.m in Sources */,
				E285ECA81AD524E500F89AFD /* BeaconsTableViewController.m in Sources */,
				E2080BE11ADBFA0100E6299B /* AnalyticsViewController.m in Sources */,
				E27E0F0E1D65EC8100418BF0 /* MapViewController.m in Sources */,
				E285ECB91AD5311200F89AFD /* BeaconRegionDetailsTableViewController.m in Sources */,
				E26D3CAF1ACED9C600B51DEF /* ExamplesTableViewController.m in Sources */,
			);
			runOnlyForDeploymentPostprocessing = 0;
		};
/* End PBXSourcesBuildPhase section */

/* Begin XCBuildConfiguration section */
		E26D3C8B1ACEC88400B51DEF /* Debug */ = {
			isa = XCBuildConfiguration;
			buildSettings = {
				ALWAYS_SEARCH_USER_PATHS = NO;
				CLANG_CXX_LANGUAGE_STANDARD = "gnu++0x";
				CLANG_CXX_LIBRARY = "libc++";
				CLANG_ENABLE_MODULES = YES;
				CLANG_ENABLE_OBJC_ARC = YES;
				CLANG_WARN_BOOL_CONVERSION = YES;
				CLANG_WARN_CONSTANT_CONVERSION = YES;
				CLANG_WARN_DIRECT_OBJC_ISA_USAGE = YES_ERROR;
				CLANG_WARN_EMPTY_BODY = YES;
				CLANG_WARN_ENUM_CONVERSION = YES;
				CLANG_WARN_INT_CONVERSION = YES;
				CLANG_WARN_OBJC_ROOT_CLASS = YES_ERROR;
				CLANG_WARN_UNREACHABLE_CODE = YES;
				CLANG_WARN__DUPLICATE_METHOD_MATCH = YES;
				COPY_PHASE_STRIP = NO;
				ENABLE_STRICT_OBJC_MSGSEND = YES;
				ENABLE_TESTABILITY = YES;
				GCC_C_LANGUAGE_STANDARD = gnu99;
				GCC_DYNAMIC_NO_PIC = NO;
				GCC_OPTIMIZATION_LEVEL = 0;
				GCC_PREPROCESSOR_DEFINITIONS = (
					"DEBUG=1",
					"$(inherited)",
				);
				GCC_SYMBOLS_PRIVATE_EXTERN = NO;
				GCC_WARN_64_TO_32_BIT_CONVERSION = YES;
				GCC_WARN_ABOUT_RETURN_TYPE = YES_ERROR;
				GCC_WARN_UNDECLARED_SELECTOR = YES;
				GCC_WARN_UNINITIALIZED_AUTOS = YES_AGGRESSIVE;
				GCC_WARN_UNUSED_FUNCTION = YES;
				GCC_WARN_UNUSED_VARIABLE = YES;
				IPHONEOS_DEPLOYMENT_TARGET = 8.0;
				MTL_ENABLE_DEBUG_INFO = YES;
				ONLY_ACTIVE_ARCH = YES;
				SDKROOT = iphoneos;
				TARGETED_DEVICE_FAMILY = "1,2";
			};
			name = Debug;
		};
		E26D3C8C1ACEC88400B51DEF /* Release */ = {
			isa = XCBuildConfiguration;
			buildSettings = {
				ALWAYS_SEARCH_USER_PATHS = NO;
				CLANG_CXX_LANGUAGE_STANDARD = "gnu++0x";
				CLANG_CXX_LIBRARY = "libc++";
				CLANG_ENABLE_MODULES = YES;
				CLANG_ENABLE_OBJC_ARC = YES;
				CLANG_WARN_BOOL_CONVERSION = YES;
				CLANG_WARN_CONSTANT_CONVERSION = YES;
				CLANG_WARN_DIRECT_OBJC_ISA_USAGE = YES_ERROR;
				CLANG_WARN_EMPTY_BODY = YES;
				CLANG_WARN_ENUM_CONVERSION = YES;
				CLANG_WARN_INT_CONVERSION = YES;
				CLANG_WARN_OBJC_ROOT_CLASS = YES_ERROR;
				CLANG_WARN_UNREACHABLE_CODE = YES;
				CLANG_WARN__DUPLICATE_METHOD_MATCH = YES;
				COPY_PHASE_STRIP = NO;
				ENABLE_NS_ASSERTIONS = NO;
				ENABLE_STRICT_OBJC_MSGSEND = YES;
				GCC_C_LANGUAGE_STANDARD = gnu99;
				GCC_WARN_64_TO_32_BIT_CONVERSION = YES;
				GCC_WARN_ABOUT_RETURN_TYPE = YES_ERROR;
				GCC_WARN_UNDECLARED_SELECTOR = YES;
				GCC_WARN_UNINITIALIZED_AUTOS = YES_AGGRESSIVE;
				GCC_WARN_UNUSED_FUNCTION = YES;
				GCC_WARN_UNUSED_VARIABLE = YES;
				IPHONEOS_DEPLOYMENT_TARGET = 8.0;
				MTL_ENABLE_DEBUG_INFO = NO;
				SDKROOT = iphoneos;
				TARGETED_DEVICE_FAMILY = "1,2";
				VALIDATE_PRODUCT = YES;
			};
			name = Release;
		};
		E26D3C8E1ACEC88400B51DEF /* Debug */ = {
			isa = XCBuildConfiguration;
			buildSettings = {
				ASSETCATALOG_COMPILER_APPICON_NAME = AppIcon;
				CODE_SIGN_IDENTITY = "iPhone Developer";
				ENABLE_BITCODE = NO;
				INFOPLIST_FILE = InsiteoSDKDemo/Info.plist;
				PRODUCT_BUNDLE_IDENTIFIER = com.insiteo.sampleapp;
				PRODUCT_NAME = "$(TARGET_NAME)";
			};
			name = Debug;
		};
		E26D3C8F1ACEC88400B51DEF /* Release */ = {
			isa = XCBuildConfiguration;
			buildSettings = {
				ASSETCATALOG_COMPILER_APPICON_NAME = AppIcon;
				CODE_SIGN_IDENTITY = "iPhone Developer";
				ENABLE_BITCODE = NO;
				INFOPLIST_FILE = InsiteoSDKDemo/Info.plist;
				PRODUCT_BUNDLE_IDENTIFIER = com.insiteo.sampleapp;
				PRODUCT_NAME = "$(TARGET_NAME)";
			};
			name = Release;
		};
/* End XCBuildConfiguration section */

/* Begin XCConfigurationList section */
		E26D3C651ACEC88400B51DEF /* Build configuration list for PBXProject "InsiteoSDKDemo" */ = {
			isa = XCConfigurationList;
			buildConfigurations = (
				E26D3C8B1ACEC88400B51DEF /* Debug */,
				E26D3C8C1ACEC88400B51DEF /* Release */,
			);
			defaultConfigurationIsVisible = 0;
			defaultConfigurationName = Release;
		};
		E26D3C8D1ACEC88400B51DEF /* Build configuration list for PBXNativeTarget "InsiteoSDKDemo" */ = {
			isa = XCConfigurationList;
			buildConfigurations = (
				E26D3C8E1ACEC88400B51DEF /* Debug */,
				E26D3C8F1ACEC88400B51DEF /* Release */,
			);
			defaultConfigurationIsVisible = 0;
			defaultConfigurationName = Release;
		};
/* End XCConfigurationList section */
	};
	rootObject = E26D3C621ACEC88400B51DEF /* Project object */;
}
